/* Begin PBXBuildFile section */

// Existing entries...
A10000000000000000000091 /* AppTheme.swift in Sources */ = {isa = PBXBuildFile; fileRef = B10000000000000000000091 /* AppTheme.swift */; };

/* End PBXBuildFile section */

/* Begin PBXFileReference section */

// Existing entries...
B10000000000000000000091 /* AppTheme.swift */ = {isa = PBXFileReference; lastKnownFileType = sourcecode.swift; path = AppTheme.swift; sourceTree = "<group>"; };

/* End PBXFileReference section */

/* Begin Styles PBXGroup children array section */

// Existing entries...
children = (
    B10000000000000000000091 /* AppTheme.swift */,  
    B10000000000000000000019 /* ButtonStyles.swift */,  
    B10000000000000000000020 /* TextFieldStyles.swift */,  
);

/* End Styles PBXGroup children array section */

/* Begin PBXSourcesBuildPhase Sources files array section */

// Existing entries...
A10000000000000000000091 /* AppTheme.swift in Sources */,

/* End PBXSourcesBuildPhase Sources files array section */